{
  "name": "sourceCode",
  "version": "1.0.0",
  "lockfileVersion": 1,
  "requires": true,
  "dependencies": {
    "jquery": {
      "version": "1.11.3",
      "resolved": "https://registry.npmjs.org/jquery/-/jquery-1.11.3.tgz",
      "integrity": "sha1-3Yt0J4snEC0p32Pq4oMIqM+htYM="
    },
    "zepto": {
      "version": "1.2.0",
      "resolved": "https://registry.npmjs.org/zepto/-/zepto-1.2.0.tgz",
      "integrity": "sha1-4Se9nmb9hGvl6rSME5SIL3wOT5g="
    }
  }
}
